{
  "originHash" : "2f675a57c28c597d6ce81dd7479e42f2d0dcc9d1c7e6181e6d39ac1182a561c1",
  "pins" : [
    {
      "identity" : "rendermethis",
      "kind" : "remoteSourceControl",
      "location" : "https://github.com/Aeastr/RenderMeThis.git",
      "state" : {
        "revision" : "0f9eb374addfd685154a3583a5d82bd5e2ac6005",
        "version" : "2.1.0"
      }
    }
  ],
  "version" : 3
}
